
Microsoft Visual Studio Solution File, Format Version 11.00
# Visual Studio 2010
Project("{FAE04EC0-301F-11D3-BF4B-00C04F79EFBC}") = "AirCannon", "AirCannon\AirCannon.csproj", "{AA4415BE-2188-45FB-9AD1-6C291FEDECB5}"
EndProject
Project("{FAE04EC0-301F-11D3-BF4B-00C04F79EFBC}") = "AirCannon.Framework", "AirCannon.Framework\AirCannon.Framework.csproj", "{02CAC314-1944-47BA-9160-AD7DF07558F8}"
EndProject
Project("{FAE04EC0-301F-11D3-BF4B-00C04F79EFBC}") = "AirCannon.Framework.Tests", "AirCannon.Framework.Tests\AirCannon.Framework.Tests.csproj", "{D7F7ACEA-11C0-4E2F-BDAA-E9B3986ECB39}"
EndProject
Project("{2150E333-8FDC-42A3-9474-1A3956D46DE8}") = "Solution Items", "Solution Items", "{8026D2FA-FF0C-4309-BF41-9B1A5B88D8DB}"
	ProjectSection(SolutionItems) = preProject
		CommonAssemblyInfo.cs = CommonAssemblyInfo.cs
		LICENSE = LICENSE
		README.rst = README.rst
	EndProjectSection
EndProject
Global
	GlobalSection(SolutionConfigurationPlatforms) = preSolution
		Debug|Any CPU = Debug|Any CPU
		Release|Any CPU = Release|Any CPU
	EndGlobalSection
	GlobalSection(ProjectConfigurationPlatforms) = postSolution
		{AA4415BE-2188-45FB-9AD1-6C291FEDECB5}.Debug|Any CPU.ActiveCfg = Debug|Any CPU
		{AA4415BE-2188-45FB-9AD1-6C291FEDECB5}.Debug|Any CPU.Build.0 = Debug|Any CPU
		{AA4415BE-2188-45FB-9AD1-6C291FEDECB5}.Release|Any CPU.ActiveCfg = Release|Any CPU
		{02CAC314-1944-47BA-9160-AD7DF07558F8}.Debug|Any CPU.ActiveCfg = Debug|Any CPU
		{02CAC314-1944-47BA-9160-AD7DF07558F8}.Debug|Any CPU.Build.0 = Debug|Any CPU
		{02CAC314-1944-47BA-9160-AD7DF07558F8}.Release|Any CPU.ActiveCfg = Release|Any CPU
		{02CAC314-1944-47BA-9160-AD7DF07558F8}.Release|Any CPU.Build.0 = Release|Any CPU
		{D7F7ACEA-11C0-4E2F-BDAA-E9B3986ECB39}.Debug|Any CPU.ActiveCfg = Debug|Any CPU
		{D7F7ACEA-11C0-4E2F-BDAA-E9B3986ECB39}.Debug|Any CPU.Build.0 = Debug|Any CPU
		{D7F7ACEA-11C0-4E2F-BDAA-E9B3986ECB39}.Release|Any CPU.ActiveCfg = Release|Any CPU
		{D7F7ACEA-11C0-4E2F-BDAA-E9B3986ECB39}.Release|Any CPU.Build.0 = Release|Any CPU
	EndGlobalSection
	GlobalSection(SolutionProperties) = preSolution
		HideSolutionNode = FALSE
	EndGlobalSection
EndGlobal
